
Microsoft Visual Studio Solution File, Format Version 12.00
# Visual Studio Version 17
VisualStudioVersion = 17.6.33829.357
MinimumVisualStudioVersion = 10.0.40219.1
Project("{FAE04EC0-301F-11D3-BF4B-00C04F79EFBC}") = "MyFirstGitMVC", "MyFirstGitMVC\MyFirstGitMVC.csproj", "{185F5A44-1BC5-4B09-A788-7785DCCAF3FB}"
EndProject
Global
	GlobalSection(SolutionConfigurationPlatforms) = preSolution
		Debug|Any CPU = Debug|Any CPU
		Release|Any CPU = Release|Any CPU
	EndGlobalSection
	GlobalSection(ProjectConfigurationPlatforms) = postSolution
		{185F5A44-1BC5-4B09-A788-7785DCCAF3FB}.Debug|Any CPU.ActiveCfg = Debug|Any CPU
		{185F5A44-1BC5-4B09-A788-7785DCCAF3FB}.Debug|Any CPU.Build.0 = Debug|Any CPU
		{185F5A44-1BC5-4B09-A788-7785DCCAF3FB}.Release|Any CPU.ActiveCfg = Release|Any CPU
		{185F5A44-1BC5-4B09-A788-7785DCCAF3FB}.Release|Any CPU.Build.0 = Release|Any CPU
	EndGlobalSection
	GlobalSection(SolutionProperties) = preSolution
		HideSolutionNode = FALSE
	EndGlobalSection
	GlobalSection(ExtensibilityGlobals) = postSolution
		SolutionGuid = {1E055107-D0C6-4C8F-958F-6DC198E212D7}
	EndGlobalSection
EndGlobal
